
Microsoft Visual Studio Solution File, Format Version 12.00
# Visual Studio Version 17
VisualStudioVersion = 17.7.34024.191
MinimumVisualStudioVersion = 10.0.40219.1
Project("{FAE04EC0-301F-11D3-BF4B-00C04F79EFBC}") = "Mod02Dz", "Mod02Dz\Mod02Dz.csproj", "{4544F1F4-1301-4EC3-9AD0-675715E5928E}"
EndProject
Global
	GlobalSection(SolutionConfigurationPlatforms) = preSolution
		Debug|Any CPU = Debug|Any CPU
		Release|Any CPU = Release|Any CPU
	EndGlobalSection
	GlobalSection(ProjectConfigurationPlatforms) = postSolution
		{4544F1F4-1301-4EC3-9AD0-675715E5928E}.Debug|Any CPU.ActiveCfg = Debug|Any CPU
		{4544F1F4-1301-4EC3-9AD0-675715E5928E}.Debug|Any CPU.Build.0 = Debug|Any CPU
		{4544F1F4-1301-4EC3-9AD0-675715E5928E}.Release|Any CPU.ActiveCfg = Release|Any CPU
		{4544F1F4-1301-4EC3-9AD0-675715E5928E}.Release|Any CPU.Build.0 = Release|Any CPU
	EndGlobalSection
	GlobalSection(SolutionProperties) = preSolution
		HideSolutionNode = FALSE
	EndGlobalSection
	GlobalSection(ExtensibilityGlobals) = postSolution
		SolutionGuid = {96F54EB7-90A0-4CE3-9D1E-046F8C4C7B39}
	EndGlobalSection
EndGlobal
